Microsoft Visual Studio Solution File, Format Version 12.00
# Visual Studio Version 17
VisualStudioVersion = 17.5.2.0
MinimumVisualStudioVersion = 10.0.40219.1
Project("{FAE04EC0-301F-11D3-BF4B-00C04F79EFBC}") = "FileRecord", "FileRecord.csproj", "{A2C6C84F-8E40-0494-DAFB-8F66486638ED}"
EndProject
Global
	GlobalSection(SolutionConfigurationPlatforms) = preSolution
		Debug|Any CPU = Debug|Any CPU
		Release|Any CPU = Release|Any CPU
	EndGlobalSection
	GlobalSection(ProjectConfigurationPlatforms) = postSolution
		{A2C6C84F-8E40-0494-DAFB-8F66486638ED}.Debug|Any CPU.ActiveCfg = Debug|Any CPU
		{A2C6C84F-8E40-0494-DAFB-8F66486638ED}.Debug|Any CPU.Build.0 = Debug|Any CPU
		{A2C6C84F-8E40-0494-DAFB-8F66486638ED}.Release|Any CPU.ActiveCfg = Release|Any CPU
		{A2C6C84F-8E40-0494-DAFB-8F66486638ED}.Release|Any CPU.Build.0 = Release|Any CPU
	EndGlobalSection
	GlobalSection(SolutionProperties) = preSolution
		HideSolutionNode = FALSE
	EndGlobalSection
	GlobalSection(ExtensibilityGlobals) = postSolution
		SolutionGuid = {C04AEB10-C1AC-4065-A99C-546079A00AC5}
	EndGlobalSection
EndGlobal
